// !$*UTF8*$!
{
	archiveVersion = 1;
	classes = {
	};
	objectVersion = 46;
	objects = {

/* Begin PBXBuildFile section */
		03656A29A6FD2730D84D44F1 /* libPods.a in Frameworks */ = {isa = PBXBuildFile; fileRef = FE18580F939605D0F3B02307 /* libPods.a */; };
		183B88271CF06AD50023102B /* CallUsViewcontroller.m in Sources */ = {isa = PBXBuildFile; fileRef = 183B88261CF06AD50023102B /* CallUsViewcontroller.m */; };
		183B88321CF0EE690023102B /* User.m in Sources */ = {isa = PBXBuildFile; fileRef = 183B88311CF0EE690023102B /* User.m */; };
		18569B041CE914B9004FFFC1 /* ValidateUserViewController.m in Sources */ = {isa = PBXBuildFile; fileRef = 18569B031CE914B9004FFFC1 /* ValidateUserViewController.m */; };
		18569B061CE914F0004FFFC1 /* QuartzCore.framework in Frameworks */ = {isa = PBXBuildFile; fileRef = 18569B051CE914F0004FFFC1 /* QuartzCore.framework */; };
		18569B091CE9201F004FFFC1 /* SignupOrResetPasswordViewcontroller.m in Sources */ = {isa = PBXBuildFile; fileRef = 18569B081CE9201F004FFFC1 /* SignupOrResetPasswordViewcontroller.m */; };
		18569B0C1CE92491004FFFC1 /* UserSignInViewController.m in Sources */ = {isa = PBXBuildFile; fileRef = 18569B0B1CE92491004FFFC1 /* UserSignInViewController.m */; };
		18569B0F1CE92501004FFFC1 /* PaymentsViewController.m in Sources */ = {isa = PBXBuildFile; fileRef = 18569B0E1CE92501004FFFC1 /* PaymentsViewController.m */; };
		18569B131CEA6E73004FFFC1 /* collapse.png in Resources */ = {isa = PBXBuildFile; fileRef = 18569B111CEA6E73004FFFC1 /* collapse.png */; };
		18569B141CEA6E73004FFFC1 /* expand.png in Resources */ = {isa = PBXBuildFile; fileRef = 18569B121CEA6E73004FFFC1 /* expand.png */; };
		18569B161CEA7314004FFFC1 /* unchecked.png in Resources */ = {isa = PBXBuildFile; fileRef = 18569B151CEA7314004FFFC1 /* unchecked.png */; };
		18569B181CEA731D004FFFC1 /* checked.png in Resources */ = {isa = PBXBuildFile; fileRef = 18569B171CEA731D004FFFC1 /* checked.png */; };
		18569B1A1CEA8728004FFFC1 /* bottom.png in Resources */ = {isa = PBXBuildFile; fileRef = 18569B191CEA8728004FFFC1 /* bottom.png */; };
		189813481CE4FD3500F7A27A /* VerificationViewController.m in Sources */ = {isa = PBXBuildFile; fileRef = 189813471CE4FD3500F7A27A /* VerificationViewController.m */; };
		18AA1C131CF4E579001F7ED0 /* MainViewController.m in Sources */ = {isa = PBXBuildFile; fileRef = 18AA1C051CF4E579001F7ED0 /* MainViewController.m */; };
		18AA1C141CF4E579001F7ED0 /* MapViewController.m in Sources */ = {isa = PBXBuildFile; fileRef = 18AA1C071CF4E579001F7ED0 /* MapViewController.m */; };
		18AA1C151CF4E579001F7ED0 /* menu.png in Resources */ = {isa = PBXBuildFile; fileRef = 18AA1C081CF4E579001F7ED0 /* menu.png */; };
		18AA1C161CF4E579001F7ED0 /* menu@2x.png in Resources */ = {isa = PBXBuildFile; fileRef = 18AA1C091CF4E579001F7ED0 /* menu@2x.png */; };
		18AA1C171CF4E579001F7ED0 /* nav_bg.png in Resources */ = {isa = PBXBuildFile; fileRef = 18AA1C0A1CF4E579001F7ED0 /* nav_bg.png */; };
		18AA1C181CF4E579001F7ED0 /* PhotoViewController.m in Sources */ = {isa = PBXBuildFile; fileRef = 18AA1C0C1CF4E579001F7ED0 /* PhotoViewController.m */; };
		18AA1C191CF4E579001F7ED0 /* SidebarViewController.m in Sources */ = {isa = PBXBuildFile; fileRef = 18AA1C0E1CF4E579001F7ED0 /* SidebarViewController.m */; };
		18AA1C1A1CF4E579001F7ED0 /* SWRevealViewController.m in Sources */ = {isa = PBXBuildFile; fileRef = 18AA1C101CF4E579001F7ED0 /* SWRevealViewController.m */; };
		18AA1C1D1CF4EED1001F7ED0 /* ResetPasswordViewController.m in Sources */ = {isa = PBXBuildFile; fileRef = 18AA1C1C1CF4EED1001F7ED0 /* ResetPasswordViewController.m */; };
		18C3CA651CE4F9AF00D17136 /* main.m in Sources */ = {isa = PBXBuildFile; fileRef = 18C3CA641CE4F9AF00D17136 /* main.m */; };
		18C3CA681CE4F9AF00D17136 /* AppDelegate.m in Sources */ = {isa = PBXBuildFile; fileRef = 18C3CA671CE4F9AF00D17136 /* AppDelegate.m */; };
		18C3CA6E1CE4F9AF00D17136 /* Main.storyboard in Resources */ = {isa = PBXBuildFile; fileRef = 18C3CA6C1CE4F9AF00D17136 /* Main.storyboard */; };
		18C3CA701CE4F9AF00D17136 /* Assets.xcassets in Resources */ = {isa = PBXBuildFile; fileRef = 18C3CA6F1CE4F9AF00D17136 /* Assets.xcassets */; };
		18C3CA731CE4F9AF00D17136 /* LaunchScreen.storyboard in Resources */ = {isa = PBXBuildFile; fileRef = 18C3CA711CE4F9AF00D17136 /* LaunchScreen.storyboard */; };
		18E749DF1CEFA81D00C4B99D /* DejaVuSans.ttf in Resources */ = {isa = PBXBuildFile; fileRef = 18E749DE1CEFA81D00C4B99D /* DejaVuSans.ttf */; };
		18F8C2CF1CF60257001D3149 /* KGModal.m in Sources */ = {isa = PBXBuildFile; fileRef = 18F8C2CE1CF60257001D3149 /* KGModal.m */; };
/* End PBXBuildFile section */

/* Begin PBXFileReference section */
		183B88241CF052140023102B /* dejavu-sans.bold.ttf */ = {isa = PBXFileReference; lastKnownFileType = file; path = "dejavu-sans.bold.ttf"; sourceTree = "<group>"; };
		183B88251CF06AD50023102B /* CallUsViewcontroller.h */ = {isa = PBXFileReference; fileEncoding = 4; lastKnownFileType = sourcecode.c.h; path = CallUsViewcontroller.h; sourceTree = "<group>"; };
		183B88261CF06AD50023102B /* CallUsViewcontroller.m */ = {isa = PBXFileReference; fileEncoding = 4; lastKnownFileType = sourcecode.c.objc; path = CallUsViewcontroller.m; sourceTree = "<group>"; };
		183B88301CF0EE690023102B /* User.h */ = {isa = PBXFileReference; fileEncoding = 4; lastKnownFileType = sourcecode.c.h; path = User.h; sourceTree = "<group>"; };
		183B88311CF0EE690023102B /* User.m */ = {isa = PBXFileReference; fileEncoding = 4; lastKnownFileType = sourcecode.c.objc; path = User.m; sourceTree = "<group>"; };
		18569B021CE914B9004FFFC1 /* ValidateUserViewController.h */ = {isa = PBXFileReference; fileEncoding = 4; lastKnownFileType = sourcecode.c.h; path = ValidateUserViewController.h; sourceTree = "<group>"; };
		18569B031CE914B9004FFFC1 /* ValidateUserViewController.m */ = {isa = PBXFileReference; fileEncoding = 4; lastKnownFileType = sourcecode.c.objc; path = ValidateUserViewController.m; sourceTree = "<group>"; };
		18569B051CE914F0004FFFC1 /* QuartzCore.framework */ = {isa = PBXFileReference; lastKnownFileType = wrapper.framework; name = QuartzCore.framework; path = System/Library/Frameworks/QuartzCore.framework; sourceTree = SDKROOT; };
		18569B071CE9201E004FFFC1 /* SignupOrResetPasswordViewcontroller.h */ = {isa = PBXFileReference; fileEncoding = 4; lastKnownFileType = sourcecode.c.h; path = SignupOrResetPasswordViewcontroller.h; sourceTree = "<group>"; };
		18569B081CE9201F004FFFC1 /* SignupOrResetPasswordViewcontroller.m */ = {isa = PBXFileReference; fileEncoding = 4; lastKnownFileType = sourcecode.c.objc; path = SignupOrResetPasswordViewcontroller.m; sourceTree = "<group>"; };
		18569B0A1CE92491004FFFC1 /* UserSignInViewController.h */ = {isa = PBXFileReference; fileEncoding = 4; lastKnownFileType = sourcecode.c.h; path = UserSignInViewController.h; sourceTree = "<group>"; };
		18569B0B1CE92491004FFFC1 /* UserSignInViewController.m */ = {isa = PBXFileReference; fileEncoding = 4; lastKnownFileType = sourcecode.c.objc; path = UserSignInViewController.m; sourceTree = "<group>"; };
		18569B0D1CE92501004FFFC1 /* PaymentsViewController.h */ = {isa = PBXFileReference; fileEncoding = 4; lastKnownFileType = sourcecode.c.h; path = PaymentsViewController.h; sourceTree = "<group>"; };
		18569B0E1CE92501004FFFC1 /* PaymentsViewController.m */ = {isa = PBXFileReference; fileEncoding = 4; lastKnownFileType = sourcecode.c.objc; path = PaymentsViewController.m; sourceTree = "<group>"; };
		18569B111CEA6E73004FFFC1 /* collapse.png */ = {isa = PBXFileReference; lastKnownFileType = image.png; path = collapse.png; sourceTree = "<group>"; };
		18569B121CEA6E73004FFFC1 /* expand.png */ = {isa = PBXFileReference; lastKnownFileType = image.png; path = expand.png; sourceTree = "<group>"; };
		18569B151CEA7314004FFFC1 /* unchecked.png */ = {isa = PBXFileReference; lastKnownFileType = image.png; path = unchecked.png; sourceTree = "<group>"; };
		18569B171CEA731D004FFFC1 /* checked.png */ = {isa = PBXFileReference; lastKnownFileType = image.png; path = checked.png; sourceTree = "<group>"; };
		18569B191CEA8728004FFFC1 /* bottom.png */ = {isa = PBXFileReference; lastKnownFileType = image.png; path = bottom.png; sourceTree = "<group>"; };
		189813461CE4FD3500F7A27A /* VerificationViewController.h */ = {isa = PBXFileReference; fileEncoding = 4; lastKnownFileType = sourcecode.c.h; path = VerificationViewController.h; sourceTree = "<group>"; };
		189813471CE4FD3500F7A27A /* VerificationViewController.m */ = {isa = PBXFileReference; fileEncoding = 4; lastKnownFileType = sourcecode.c.objc; path = VerificationViewController.m; sourceTree = "<group>"; };
		18AA1C041CF4E579001F7ED0 /* MainViewController.h */ = {isa = PBXFileReference; fileEncoding = 4; lastKnownFileType = sourcecode.c.h; path = MainViewController.h; sourceTree = "<group>"; };
		18AA1C051CF4E579001F7ED0 /* MainViewController.m */ = {isa = PBXFileReference; fileEncoding = 4; lastKnownFileType = sourcecode.c.objc; path = MainViewController.m; sourceTree = "<group>"; };
		18AA1C061CF4E579001F7ED0 /* MapViewController.h */ = {isa = PBXFileReference; fileEncoding = 4; lastKnownFileType = sourcecode.c.h; path = MapViewController.h; sourceTree = "<group>"; };
		18AA1C071CF4E579001F7ED0 /* MapViewController.m */ = {isa = PBXFileReference; fileEncoding = 4; lastKnownFileType = sourcecode.c.objc; path = MapViewController.m; sourceTree = "<group>"; };
		18AA1C081CF4E579001F7ED0 /* menu.png */ = {isa = PBXFileReference; lastKnownFileType = image.png; path = menu.png; sourceTree = "<group>"; };
		18AA1C091CF4E579001F7ED0 /* menu@2x.png */ = {isa = PBXFileReference; lastKnownFileType = image.png; path = "menu@2x.png"; sourceTree = "<group>"; };
		18AA1C0A1CF4E579001F7ED0 /* nav_bg.png */ = {isa = PBXFileReference; lastKnownFileType = image.png; path = nav_bg.png; sourceTree = "<group>"; };
		18AA1C0B1CF4E579001F7ED0 /* PhotoViewController.h */ = {isa = PBXFileReference; fileEncoding = 4; lastKnownFileType = sourcecode.c.h; path = PhotoViewController.h; sourceTree = "<group>"; };
		18AA1C0C1CF4E579001F7ED0 /* PhotoViewController.m */ = {isa = PBXFileReference; fileEncoding = 4; lastKnownFileType = sourcecode.c.objc; path = PhotoViewController.m; sourceTree = "<group>"; };
		18AA1C0D1CF4E579001F7ED0 /* SidebarViewController.h */ = {isa = PBXFileReference; fileEncoding = 4; lastKnownFileType = sourcecode.c.h; path = SidebarViewController.h; sourceTree = "<group>"; };
		18AA1C0E1CF4E579001F7ED0 /* SidebarViewController.m */ = {isa = PBXFileReference; fileEncoding = 4; lastKnownFileType = sourcecode.c.objc; path = SidebarViewController.m; sourceTree = "<group>"; };
		18AA1C0F1CF4E579001F7ED0 /* SWRevealViewController.h */ = {isa = PBXFileReference; fileEncoding = 4; lastKnownFileType = sourcecode.c.h; path = SWRevealViewController.h; sourceTree = "<group>"; };
		18AA1C101CF4E579001F7ED0 /* SWRevealViewController.m */ = {isa = PBXFileReference; fileEncoding = 4; lastKnownFileType = sourcecode.c.objc; path = SWRevealViewController.m; sourceTree = "<group>"; };
		18AA1C1B1CF4EED1001F7ED0 /* ResetPasswordViewController.h */ = {isa = PBXFileReference; fileEncoding = 4; lastKnownFileType = sourcecode.c.h; path = ResetPasswordViewController.h; sourceTree = "<group>"; };
		18AA1C1C1CF4EED1001F7ED0 /* ResetPasswordViewController.m */ = {isa = PBXFileReference; fileEncoding = 4; lastKnownFileType = sourcecode.c.objc; path = ResetPasswordViewController.m; sourceTree = "<group>"; };
		18C3CA601CE4F9AF00D17136 /* medEcash.app */ = {isa = PBXFileReference; explicitFileType = wrapper.application; includeInIndex = 0; path = medEcash.app; sourceTree = BUILT_PRODUCTS_DIR; };
		18C3CA641CE4F9AF00D17136 /* main.m */ = {isa = PBXFileReference; lastKnownFileType = sourcecode.c.objc; path = main.m; sourceTree = "<group>"; };
		18C3CA661CE4F9AF00D17136 /* AppDelegate.h */ = {isa = PBXFileReference; lastKnownFileType = sourcecode.c.h; path = AppDelegate.h; sourceTree = "<group>"; };
		18C3CA671CE4F9AF00D17136 /* AppDelegate.m */ = {isa = PBXFileReference; lastKnownFileType = sourcecode.c.objc; path = AppDelegate.m; sourceTree = "<group>"; };
		18C3CA6D1CE4F9AF00D17136 /* Base */ = {isa = PBXFileReference; lastKnownFileType = file.storyboard; name = Base; path = Base.lproj/Main.storyboard; sourceTree = "<group>"; };
		18C3CA6F1CE4F9AF00D17136 /* Assets.xcassets */ = {isa = PBXFileReference; lastKnownFileType = folder.assetcatalog; path = Assets.xcassets; sourceTree = "<group>"; };
		18C3CA721CE4F9AF00D17136 /* Base */ = {isa = PBXFileReference; lastKnownFileType = file.storyboard; name = Base; path = Base.lproj/LaunchScreen.storyboard; sourceTree = "<group>"; };
		18C3CA741CE4F9AF00D17136 /* Info.plist */ = {isa = PBXFileReference; lastKnownFileType = text.plist.xml; path = Info.plist; sourceTree = "<group>"; };
		18E749DE1CEFA81D00C4B99D /* DejaVuSans.ttf */ = {isa = PBXFileReference; lastKnownFileType = file; path = DejaVuSans.ttf; sourceTree = "<group>"; };
		18F8C2CD1CF60257001D3149 /* KGModal.h */ = {isa = PBXFileReference; fileEncoding = 4; lastKnownFileType = sourcecode.c.h; path = KGModal.h; sourceTree = "<group>"; };
		18F8C2CE1CF60257001D3149 /* KGModal.m */ = {isa = PBXFileReference; fileEncoding = 4; lastKnownFileType = sourcecode.c.objc; path = KGModal.m; sourceTree = "<group>"; };
		6A1B9E256D22F5A968B1BBCB /* Pods.debug.xcconfig */ = {isa = PBXFileReference; includeInIndex = 1; lastKnownFileType = text.xcconfig; name = Pods.debug.xcconfig; path = "Pods/Target Support Files/Pods/Pods.debug.xcconfig"; sourceTree = "<group>"; };
		94E848EAE860A44E5A223029 /* Pods.release.xcconfig */ = {isa = PBXFileReference; includeInIndex = 1; lastKnownFileType = text.xcconfig; name = Pods.release.xcconfig; path = "Pods/Target Support Files/Pods/Pods.release.xcconfig"; sourceTree = "<group>"; };
		FE18580F939605D0F3B02307 /* libPods.a */ = {isa = PBXFileReference; explicitFileType = archive.ar; includeInIndex = 0; path = libPods.a; sourceTree = BUILT_PRODUCTS_DIR; };
/* End PBXFileReference section */

/* Begin PBXFrameworksBuildPhase section */
		18C3CA5D1CE4F9AF00D17136 /* Frameworks */ = {
			isa = PBXFrameworksBuildPhase;
			buildActionMask = 2147483647;
			files = (
				18569B061CE914F0004FFFC1 /* QuartzCore.framework in Frameworks */,
				03656A29A6FD2730D84D44F1 /* libPods.a in Frameworks */,
			);
			runOnlyForDeploymentPostprocessing = 0;
		};
/* End PBXFrameworksBuildPhase section */

/* Begin PBXGroup section */
		183B882F1CF0EE3C0023102B /* Singleton */ = {
			isa = PBXGroup;
			children = (
				183B88301CF0EE690023102B /* User.h */,
				183B88311CF0EE690023102B /* User.m */,
			);
			path = Singleton;
			sourceTree = "<group>";
		};
		18569B101CEA6E73004FFFC1 /* Assets */ = {
			isa = PBXGroup;
			children = (
				18569B191CEA8728004FFFC1 /* bottom.png */,
				18569B171CEA731D004FFFC1 /* checked.png */,
				18569B151CEA7314004FFFC1 /* unchecked.png */,
				18569B111CEA6E73004FFFC1 /* collapse.png */,
				18569B121CEA6E73004FFFC1 /* expand.png */,
			);
			path = Assets;
			sourceTree = "<group>";
		};
		1895ED9A1CF443F8008C30A2 /* SlideOutMenuFiles */ = {
			isa = PBXGroup;
			children = (
				18F8C2CD1CF60257001D3149 /* KGModal.h */,
				18F8C2CE1CF60257001D3149 /* KGModal.m */,
				18AA1C041CF4E579001F7ED0 /* MainViewController.h */,
				18AA1C051CF4E579001F7ED0 /* MainViewController.m */,
				18AA1C061CF4E579001F7ED0 /* MapViewController.h */,
				18AA1C071CF4E579001F7ED0 /* MapViewController.m */,
				18AA1C081CF4E579001F7ED0 /* menu.png */,
				18AA1C091CF4E579001F7ED0 /* menu@2x.png */,
				18AA1C0A1CF4E579001F7ED0 /* nav_bg.png */,
				18AA1C0B1CF4E579001F7ED0 /* PhotoViewController.h */,
				18AA1C0C1CF4E579001F7ED0 /* PhotoViewController.m */,
				18AA1C0D1CF4E579001F7ED0 /* SidebarViewController.h */,
				18AA1C0E1CF4E579001F7ED0 /* SidebarViewController.m */,
				18AA1C0F1CF4E579001F7ED0 /* SWRevealViewController.h */,
				18AA1C101CF4E579001F7ED0 /* SWRevealViewController.m */,
			);
			path = SlideOutMenuFiles;
			sourceTree = "<group>";
		};
		189813451CE4FD2700F7A27A /* View Controller */ = {
			isa = PBXGroup;
			children = (
				189813461CE4FD3500F7A27A /* VerificationViewController.h */,
				189813471CE4FD3500F7A27A /* VerificationViewController.m */,
				18569B021CE914B9004FFFC1 /* ValidateUserViewController.h */,
				18569B031CE914B9004FFFC1 /* ValidateUserViewController.m */,
				18569B071CE9201E004FFFC1 /* SignupOrResetPasswordViewcontroller.h */,
				18569B081CE9201F004FFFC1 /* SignupOrResetPasswordViewcontroller.m */,
				18569B0A1CE92491004FFFC1 /* UserSignInViewController.h */,
				18569B0B1CE92491004FFFC1 /* UserSignInViewController.m */,
				18569B0D1CE92501004FFFC1 /* PaymentsViewController.h */,
				18569B0E1CE92501004FFFC1 /* PaymentsViewController.m */,
				18AA1C1B1CF4EED1001F7ED0 /* ResetPasswordViewController.h */,
				18AA1C1C1CF4EED1001F7ED0 /* ResetPasswordViewController.m */,
				183B88251CF06AD50023102B /* CallUsViewcontroller.h */,
				183B88261CF06AD50023102B /* CallUsViewcontroller.m */,
			);
			path = "View Controller";
			sourceTree = "<group>";
		};
		18C3CA571CE4F9AF00D17136 = {
			isa = PBXGroup;
			children = (
				18C3CA621CE4F9AF00D17136 /* medEcash */,
				18C3CA611CE4F9AF00D17136 /* Products */,
				DD5527C2184C33FE6F16A59A /* Pods */,
				3822AE1CE1EAD30ED4EC9B8C /* Frameworks */,
			);
			sourceTree = "<group>";
		};
		18C3CA611CE4F9AF00D17136 /* Products */ = {
			isa = PBXGroup;
			children = (
				18C3CA601CE4F9AF00D17136 /* medEcash.app */,
			);
			name = Products;
			sourceTree = "<group>";
		};
		18C3CA621CE4F9AF00D17136 /* medEcash */ = {
			isa = PBXGroup;
			children = (
				1895ED9A1CF443F8008C30A2 /* SlideOutMenuFiles */,
				183B882F1CF0EE3C0023102B /* Singleton */,
				189813451CE4FD2700F7A27A /* View Controller */,
				18C3CA661CE4F9AF00D17136 /* AppDelegate.h */,
				18C3CA671CE4F9AF00D17136 /* AppDelegate.m */,
				18C3CA6C1CE4F9AF00D17136 /* Main.storyboard */,
				18C3CA6F1CE4F9AF00D17136 /* Assets.xcassets */,
				18C3CA711CE4F9AF00D17136 /* LaunchScreen.storyboard */,
				18C3CA741CE4F9AF00D17136 /* Info.plist */,
				18C3CA631CE4F9AF00D17136 /* Supporting Files */,
			);
			path = medEcash;
			sourceTree = "<group>";
		};
		18C3CA631CE4F9AF00D17136 /* Supporting Files */ = {
			isa = PBXGroup;
			children = (
				18E749DD1CEFA81D00C4B99D /* Fonts */,
				18569B101CEA6E73004FFFC1 /* Assets */,
				18C3CA641CE4F9AF00D17136 /* main.m */,
			);
			name = "Supporting Files";
			sourceTree = "<group>";
		};
		18E749DD1CEFA81D00C4B99D /* Fonts */ = {
			isa = PBXGroup;
			children = (
				18E749DE1CEFA81D00C4B99D /* DejaVuSans.ttf */,
				183B88241CF052140023102B /* dejavu-sans.bold.ttf */,
			);
			path = Fonts;
			sourceTree = "<group>";
		};
		3822AE1CE1EAD30ED4EC9B8C /* Frameworks */ = {
			isa = PBXGroup;
			children = (
				18569B051CE914F0004FFFC1 /* QuartzCore.framework */,
				FE18580F939605D0F3B02307 /* libPods.a */,
			);
			name = Frameworks;
			sourceTree = "<group>";
		};
		DD5527C2184C33FE6F16A59A /* Pods */ = {
			isa = PBXGroup;
			children = (
				6A1B9E256D22F5A968B1BBCB /* Pods.debug.xcconfig */,
				94E848EAE860A44E5A223029 /* Pods.release.xcconfig */,
			);
			name = Pods;
			sourceTree = "<group>";
		};
/* End PBXGroup section */

/* Begin PBXNativeTarget section */
		18C3CA5F1CE4F9AF00D17136 /* medEcash */ = {
			isa = PBXNativeTarget;
			buildConfigurationList = 18C3CA771CE4F9AF00D17136 /* Build configuration list for PBXNativeTarget "medEcash" */;
			buildPhases = (
				D8967A8F05A61860EE41D60D /* Check Pods Manifest.lock */,
				18C3CA5C1CE4F9AF00D17136 /* Sources */,
				18C3CA5D1CE4F9AF00D17136 /* Frameworks */,
				18C3CA5E1CE4F9AF00D17136 /* Resources */,
				BAF42ADF92BF2F354EF5D99D /* Copy Pods Resources */,
			);
			buildRules = (
			);
			dependencies = (
			);
			name = medEcash;
			productName = medEcash;
			productReference = 18C3CA601CE4F9AF00D17136 /* medEcash.app */;
			productType = "com.apple.product-type.application";
		};
/* End PBXNativeTarget section */

/* Begin PBXProject section */
		18C3CA581CE4F9AF00D17136 /* Project object */ = {
			isa = PBXProject;
			attributes = {
				LastUpgradeCheck = 0720;
				ORGANIZATIONNAME = Apple;
				TargetAttributes = {
					18C3CA5F1CE4F9AF00D17136 = {
						CreatedOnToolsVersion = 7.2;
						DevelopmentTeam = 68B76YL3E3;
					};
				};
			};
			buildConfigurationList = 18C3CA5B1CE4F9AF00D17136 /* Build configuration list for PBXProject "medEcash" */;
			compatibilityVersion = "Xcode 3.2";
			developmentRegion = English;
			hasScannedForEncodings = 0;
			knownRegions = (
				en,
				Base,
			);
			mainGroup = 18C3CA571CE4F9AF00D17136;
			productRefGroup = 18C3CA611CE4F9AF00D17136 /* Products */;
			projectDirPath = "";
			projectRoot = "";
			targets = (
				18C3CA5F1CE4F9AF00D17136 /* medEcash */,
			);
		};
/* End PBXProject section */

/* Begin PBXResourcesBuildPhase section */
		18C3CA5E1CE4F9AF00D17136 /* Resources */ = {
			isa = PBXResourcesBuildPhase;
			buildActionMask = 2147483647;
			files = (
				18C3CA731CE4F9AF00D17136 /* LaunchScreen.storyboard in Resources */,
				18569B141CEA6E73004FFFC1 /* expand.png in Resources */,
				18AA1C161CF4E579001F7ED0 /* menu@2x.png in Resources */,
				18E749DF1CEFA81D00C4B99D /* DejaVuSans.ttf in Resources */,
				18569B1A1CEA8728004FFFC1 /* bottom.png in Resources */,
				18C3CA701CE4F9AF00D17136 /* Assets.xcassets in Resources */,
				18AA1C171CF4E579001F7ED0 /* nav_bg.png in Resources */,
				18569B131CEA6E73004FFFC1 /* collapse.png in Resources */,
				18AA1C151CF4E579001F7ED0 /* menu.png in Resources */,
				18569B181CEA731D004FFFC1 /* checked.png in Resources */,
				18569B161CEA7314004FFFC1 /* unchecked.png in Resources */,
				18C3CA6E1CE4F9AF00D17136 /* Main.storyboard in Resources */,
			);
			runOnlyForDeploymentPostprocessing = 0;
		};
/* End PBXResourcesBuildPhase section */

/* Begin PBXShellScriptBuildPhase section */
		BAF42ADF92BF2F354EF5D99D /* Copy Pods Resources */ = {
			isa = PBXShellScriptBuildPhase;
			buildActionMask = 2147483647;
			files = (
			);
			inputPaths = (
			);
			name = "Copy Pods Resources";
			outputPaths = (
			);
			runOnlyForDeploymentPostprocessing = 0;
			shellPath = /bin/sh;
			shellScript = "\"${SRCROOT}/Pods/Target Support Files/Pods/Pods-resources.sh\"\n";
			showEnvVarsInLog = 0;
		};
		D8967A8F05A61860EE41D60D /* Check Pods Manifest.lock */ = {
			isa = PBXShellScriptBuildPhase;
			buildActionMask = 2147483647;
			files = (
			);
			inputPaths = (
			);
			name = "Check Pods Manifest.lock";
			outputPaths = (
			);
			runOnlyForDeploymentPostprocessing = 0;
			shellPath = /bin/sh;
			shellScript = "diff \"${PODS_ROOT}/../Podfile.lock\" \"${PODS_ROOT}/Manifest.lock\" > /dev/null\nif [[ $? != 0 ]] ; then\n    cat << EOM\nerror: The sandbox is not in sync with the Podfile.lock. Run 'pod install' or update your CocoaPods installation.\nEOM\n    exit 1\nfi\n";
			showEnvVarsInLog = 0;
		};
/* End PBXShellScriptBuildPhase section */

/* Begin PBXSourcesBuildPhase section */
		18C3CA5C1CE4F9AF00D17136 /* Sources */ = {
			isa = PBXSourcesBuildPhase;
			buildActionMask = 2147483647;
			files = (
				18AA1C191CF4E579001F7ED0 /* SidebarViewController.m in Sources */,
				18AA1C1D1CF4EED1001F7ED0 /* ResetPasswordViewController.m in Sources */,
				18569B091CE9201F004FFFC1 /* SignupOrResetPasswordViewcontroller.m in Sources */,
				18F8C2CF1CF60257001D3149 /* KGModal.m in Sources */,
				18569B0C1CE92491004FFFC1 /* UserSignInViewController.m in Sources */,
				189813481CE4FD3500F7A27A /* VerificationViewController.m in Sources */,
				18AA1C131CF4E579001F7ED0 /* MainViewController.m in Sources */,
				18C3CA681CE4F9AF00D17136 /* AppDelegate.m in Sources */,
				183B88271CF06AD50023102B /* CallUsViewcontroller.m in Sources */,
				18AA1C1A1CF4E579001F7ED0 /* SWRevealViewController.m in Sources */,
				183B88321CF0EE690023102B /* User.m in Sources */,
				18C3CA651CE4F9AF00D17136 /* main.m in Sources */,
				18569B0F1CE92501004FFFC1 /* PaymentsViewController.m in Sources */,
				18AA1C181CF4E579001F7ED0 /* PhotoViewController.m in Sources */,
				18569B041CE914B9004FFFC1 /* ValidateUserViewController.m in Sources */,
				18AA1C141CF4E579001F7ED0 /* MapViewController.m in Sources */,
			);
			runOnlyForDeploymentPostprocessing = 0;
		};
/* End PBXSourcesBuildPhase section */

/* Begin PBXVariantGroup section */
		18C3CA6C1CE4F9AF00D17136 /* Main.storyboard */ = {
			isa = PBXVariantGroup;
			children = (
				18C3CA6D1CE4F9AF00D17136 /* Base */,
			);
			name = Main.storyboard;
			sourceTree = "<group>";
		};
		18C3CA711CE4F9AF00D17136 /* LaunchScreen.storyboard */ = {
			isa = PBXVariantGroup;
			children = (
				18C3CA721CE4F9AF00D17136 /* Base */,
			);
			name = LaunchScreen.storyboard;
			sourceTree = "<group>";
		};
/* End PBXVariantGroup section */

/* Begin XCBuildConfiguration section */
		18C3CA751CE4F9AF00D17136 /* Debug */ = {
			isa = XCBuildConfiguration;
			buildSettings = {
				ALWAYS_SEARCH_USER_PATHS = NO;
				CLANG_CXX_LANGUAGE_STANDARD = "gnu++0x";
				CLANG_CXX_LIBRARY = "libc++";
				CLANG_ENABLE_MODULES = YES;
				CLANG_ENABLE_OBJC_ARC = YES;
				CLANG_WARN_BOOL_CONVERSION = YES;
				CLANG_WARN_CONSTANT_CONVERSION = YES;
				CLANG_WARN_DIRECT_OBJC_ISA_USAGE = YES_ERROR;
				CLANG_WARN_EMPTY_BODY = YES;
				CLANG_WARN_ENUM_CONVERSION = YES;
				CLANG_WARN_INT_CONVERSION = YES;
				CLANG_WARN_OBJC_ROOT_CLASS = YES_ERROR;
				CLANG_WARN_UNREACHABLE_CODE = YES;
				CLANG_WARN__DUPLICATE_METHOD_MATCH = YES;
				"CODE_SIGN_IDENTITY[sdk=iphoneos*]" = "iPhone Developer";
				COPY_PHASE_STRIP = NO;
				DEBUG_INFORMATION_FORMAT = dwarf;
				ENABLE_STRICT_OBJC_MSGSEND = YES;
				ENABLE_TESTABILITY = YES;
				GCC_C_LANGUAGE_STANDARD = gnu99;
				GCC_DYNAMIC_NO_PIC = NO;
				GCC_NO_COMMON_BLOCKS = YES;
				GCC_OPTIMIZATION_LEVEL = 0;
				GCC_PREPROCESSOR_DEFINITIONS = (
					"DEBUG=1",
					"$(inherited)",
				);
				GCC_WARN_64_TO_32_BIT_CONVERSION = YES;
				GCC_WARN_ABOUT_RETURN_TYPE = YES_ERROR;
				GCC_WARN_UNDECLARED_SELECTOR = YES;
				GCC_WARN_UNINITIALIZED_AUTOS = YES_AGGRESSIVE;
				GCC_WARN_UNUSED_FUNCTION = YES;
				GCC_WARN_UNUSED_VARIABLE = YES;
				IPHONEOS_DEPLOYMENT_TARGET = 9.2;
				MTL_ENABLE_DEBUG_INFO = YES;
				ONLY_ACTIVE_ARCH = YES;
				SDKROOT = iphoneos;
			};
			name = Debug;
		};
		18C3CA761CE4F9AF00D17136 /* Release */ = {
			isa = XCBuildConfiguration;
			buildSettings = {
				ALWAYS_SEARCH_USER_PATHS = NO;
				CLANG_CXX_LANGUAGE_STANDARD = "gnu++0x";
				CLANG_CXX_LIBRARY = "libc++";
				CLANG_ENABLE_MODULES = YES;
				CLANG_ENABLE_OBJC_ARC = YES;
				CLANG_WARN_BOOL_CONVERSION = YES;
				CLANG_WARN_CONSTANT_CONVERSION = YES;
				CLANG_WARN_DIRECT_OBJC_ISA_USAGE = YES_ERROR;
				CLANG_WARN_EMPTY_BODY = YES;
				CLANG_WARN_ENUM_CONVERSION = YES;
				CLANG_WARN_INT_CONVERSION = YES;
				CLANG_WARN_OBJC_ROOT_CLASS = YES_ERROR;
				CLANG_WARN_UNREACHABLE_CODE = YES;
				CLANG_WARN__DUPLICATE_METHOD_MATCH = YES;
				"CODE_SIGN_IDENTITY[sdk=iphoneos*]" = "iPhone Developer";
				COPY_PHASE_STRIP = NO;
				DEBUG_INFORMATION_FORMAT = "dwarf-with-dsym";
				ENABLE_NS_ASSERTIONS = NO;
				ENABLE_STRICT_OBJC_MSGSEND = YES;
				GCC_C_LANGUAGE_STANDARD = gnu99;
				GCC_NO_COMMON_BLOCKS = YES;
				GCC_WARN_64_TO_32_BIT_CONVERSION = YES;
				GCC_WARN_ABOUT_RETURN_TYPE = YES_ERROR;
				GCC_WARN_UNDECLARED_SELECTOR = YES;
				GCC_WARN_UNINITIALIZED_AUTOS = YES_AGGRESSIVE;
				GCC_WARN_UNUSED_FUNCTION = YES;
				GCC_WARN_UNUSED_VARIABLE = YES;
				IPHONEOS_DEPLOYMENT_TARGET = 9.2;
				MTL_ENABLE_DEBUG_INFO = NO;
				SDKROOT = iphoneos;
				VALIDATE_PRODUCT = YES;
			};
			name = Release;
		};
		18C3CA781CE4F9AF00D17136 /* Debug */ = {
			isa = XCBuildConfiguration;
			baseConfigurationReference = 6A1B9E256D22F5A968B1BBCB /* Pods.debug.xcconfig */;
			buildSettings = {
				ASSETCATALOG_COMPILER_APPICON_NAME = AppIcon;
				ASSETCATALOG_COMPILER_LAUNCHIMAGE_NAME = LaunchImage;
				CODE_SIGN_IDENTITY = "iPhone Developer";
				"CODE_SIGN_IDENTITY[sdk=iphoneos*]" = "iPhone Developer";
				INFOPLIST_FILE = medEcash/Info.plist;
				IPHONEOS_DEPLOYMENT_TARGET = 7.0;
				LD_RUNPATH_SEARCH_PATHS = "$(inherited) @executable_path/Frameworks";
				PRODUCT_BUNDLE_IDENTIFIER = com.codepro.medEcash;
				PRODUCT_NAME = "$(TARGET_NAME)";
				PROVISIONING_PROFILE = "";
			};
			name = Debug;
		};
		18C3CA791CE4F9AF00D17136 /* Release */ = {
			isa = XCBuildConfiguration;
			baseConfigurationReference = 94E848EAE860A44E5A223029 /* Pods.release.xcconfig */;
			buildSettings = {
				ASSETCATALOG_COMPILER_APPICON_NAME = AppIcon;
				ASSETCATALOG_COMPILER_LAUNCHIMAGE_NAME = LaunchImage;
				CODE_SIGN_IDENTITY = "iPhone Developer";
				"CODE_SIGN_IDENTITY[sdk=iphoneos*]" = "iPhone Developer";
				INFOPLIST_FILE = medEcash/Info.plist;
				IPHONEOS_DEPLOYMENT_TARGET = 7.0;
				LD_RUNPATH_SEARCH_PATHS = "$(inherited) @executable_path/Frameworks";
				PRODUCT_BUNDLE_IDENTIFIER = com.codepro.medEcash;
				PRODUCT_NAME = "$(TARGET_NAME)";
				PROVISIONING_PROFILE = "";
			};
			name = Release;
		};
/* End XCBuildConfiguration section */

/* Begin XCConfigurationList section */
		18C3CA5B1CE4F9AF00D17136 /* Build configuration list for PBXProject "medEcash" */ = {
			isa = XCConfigurationList;
			buildConfigurations = (
				18C3CA751CE4F9AF00D17136 /* Debug */,
				18C3CA761CE4F9AF00D17136 /* Release */,
			);
			defaultConfigurationIsVisible = 0;
			defaultConfigurationName = Release;
		};
		18C3CA771CE4F9AF00D17136 /* Build configuration list for PBXNativeTarget "medEcash" */ = {
			isa = XCConfigurationList;
			buildConfigurations = (
				18C3CA781CE4F9AF00D17136 /* Debug */,
				18C3CA791CE4F9AF00D17136 /* Release */,
			);
			defaultConfigurationIsVisible = 0;
			defaultConfigurationName = Release;
		};
/* End XCConfigurationList section */
	};
	rootObject = 18C3CA581CE4F9AF00D17136 /* Project object */;
}
